
Microsoft Visual Studio Solution File, Format Version 12.00
# Visual Studio Version 17
VisualStudioVersion = 17.14.36221.1 d17.14
MinimumVisualStudioVersion = 10.0.40219.1
Project("{FAE04EC0-301F-11D3-BF4B-00C04F79EFBC}") = "TaskManagementService", "TaskManagementService\TaskManagementService.csproj", "{23697E0F-473B-43C4-9FDC-3963EE469B1B}"
EndProject
Global
	GlobalSection(SolutionConfigurationPlatforms) = preSolution
		Debug|Any CPU = Debug|Any CPU
		Release|Any CPU = Release|Any CPU
	EndGlobalSection
	GlobalSection(ProjectConfigurationPlatforms) = postSolution
		{23697E0F-473B-43C4-9FDC-3963EE469B1B}.Debug|Any CPU.ActiveCfg = Debug|Any CPU
		{23697E0F-473B-43C4-9FDC-3963EE469B1B}.Debug|Any CPU.Build.0 = Debug|Any CPU
		{23697E0F-473B-43C4-9FDC-3963EE469B1B}.Release|Any CPU.ActiveCfg = Release|Any CPU
		{23697E0F-473B-43C4-9FDC-3963EE469B1B}.Release|Any CPU.Build.0 = Release|Any CPU
	EndGlobalSection
	GlobalSection(SolutionProperties) = preSolution
		HideSolutionNode = FALSE
	EndGlobalSection
	GlobalSection(ExtensibilityGlobals) = postSolution
		SolutionGuid = {060882C6-78BC-4C99-ADEE-20BA3C95B02A}
	EndGlobalSection
EndGlobal
